
Microsoft Visual Studio Solution File, Format Version 12.00
# Visual Studio Version 16
VisualStudioVersion = 16.0.30011.22
MinimumVisualStudioVersion = 10.0.40219.1
Project("{FAE04EC0-301F-11D3-BF4B-00C04F79EFBC}") = "TRMDataManager", "TRMDataManager\TRMDataManager.csproj", "{EA6A39E8-9F24-40CE-AF2E-B3A1DD82BD92}"
EndProject
Project("{00D1A9C2-B5F0-4AF3-8072-F6C62B433612}") = "TRMData", "TRMData\TRMData.sqlproj", "{B48A60ED-4649-4E4D-8CB7-FF5E7A54E5D6}"
EndProject
Project("{FAE04EC0-301F-11D3-BF4B-00C04F79EFBC}") = "TRMDesktopUI", "TRMDesktopUI\TRMDesktopUI.csproj", "{E49A44B4-5D64-49D5-BB7A-5AB864486477}"
EndProject
Project("{9A19103F-16F7-4668-BE54-9A1E7A4F7556}") = "TRMDataManager.Library", "TRMDataManager.Library\TRMDataManager.Library.csproj", "{5F0720DB-BD29-4DDF-9CAF-F4901563B447}"
EndProject
Project("{9A19103F-16F7-4668-BE54-9A1E7A4F7556}") = "TRMDesktopUI.Library", "TRMDesktopUI.Library\TRMDesktopUI.Library.csproj", "{6032D48C-12F9-4653-A30F-D1D624891571}"
EndProject
Project("{2150E333-8FDC-42A3-9474-1A3956D46DE8}") = "Database", "Database", "{EA2734B3-35B0-4882-A473-411ED333065A}"
EndProject
Project("{2150E333-8FDC-42A3-9474-1A3956D46DE8}") = "API", "API", "{E8A4692D-786A-46D7-BA91-A38BF1A69E5C}"
EndProject
Project("{2150E333-8FDC-42A3-9474-1A3956D46DE8}") = "WPF", "WPF", "{EB6626C9-D275-48EF-A016-BE84FBE7B686}"
EndProject
Project("{FAE04EC0-301F-11D3-BF4B-00C04F79EFBC}") = "TRMApi", "TRMApi\TRMApi.csproj", "{804DC621-6216-4886-929F-333089ED95D8}"
EndProject
Global
	GlobalSection(SolutionConfigurationPlatforms) = preSolution
		Debug|Any CPU = Debug|Any CPU
		Release|Any CPU = Release|Any CPU
	EndGlobalSection
	GlobalSection(ProjectConfigurationPlatforms) = postSolution
		{EA6A39E8-9F24-40CE-AF2E-B3A1DD82BD92}.Debug|Any CPU.ActiveCfg = Debug|Any CPU
		{EA6A39E8-9F24-40CE-AF2E-B3A1DD82BD92}.Debug|Any CPU.Build.0 = Debug|Any CPU
		{EA6A39E8-9F24-40CE-AF2E-B3A1DD82BD92}.Release|Any CPU.ActiveCfg = Release|Any CPU
		{EA6A39E8-9F24-40CE-AF2E-B3A1DD82BD92}.Release|Any CPU.Build.0 = Release|Any CPU
		{B48A60ED-4649-4E4D-8CB7-FF5E7A54E5D6}.Debug|Any CPU.ActiveCfg = Debug|Any CPU
		{B48A60ED-4649-4E4D-8CB7-FF5E7A54E5D6}.Debug|Any CPU.Build.0 = Debug|Any CPU
		{B48A60ED-4649-4E4D-8CB7-FF5E7A54E5D6}.Debug|Any CPU.Deploy.0 = Debug|Any CPU
		{B48A60ED-4649-4E4D-8CB7-FF5E7A54E5D6}.Release|Any CPU.ActiveCfg = Release|Any CPU
		{B48A60ED-4649-4E4D-8CB7-FF5E7A54E5D6}.Release|Any CPU.Build.0 = Release|Any CPU
		{B48A60ED-4649-4E4D-8CB7-FF5E7A54E5D6}.Release|Any CPU.Deploy.0 = Release|Any CPU
		{E49A44B4-5D64-49D5-BB7A-5AB864486477}.Debug|Any CPU.ActiveCfg = Debug|Any CPU
		{E49A44B4-5D64-49D5-BB7A-5AB864486477}.Debug|Any CPU.Build.0 = Debug|Any CPU
		{E49A44B4-5D64-49D5-BB7A-5AB864486477}.Release|Any CPU.ActiveCfg = Release|Any CPU
		{E49A44B4-5D64-49D5-BB7A-5AB864486477}.Release|Any CPU.Build.0 = Release|Any CPU
		{5F0720DB-BD29-4DDF-9CAF-F4901563B447}.Debug|Any CPU.ActiveCfg = Debug|Any CPU
		{5F0720DB-BD29-4DDF-9CAF-F4901563B447}.Debug|Any CPU.Build.0 = Debug|Any CPU
		{5F0720DB-BD29-4DDF-9CAF-F4901563B447}.Release|Any CPU.ActiveCfg = Release|Any CPU
		{5F0720DB-BD29-4DDF-9CAF-F4901563B447}.Release|Any CPU.Build.0 = Release|Any CPU
		{6032D48C-12F9-4653-A30F-D1D624891571}.Debug|Any CPU.ActiveCfg = Debug|Any CPU
		{6032D48C-12F9-4653-A30F-D1D624891571}.Debug|Any CPU.Build.0 = Debug|Any CPU
		{6032D48C-12F9-4653-A30F-D1D624891571}.Release|Any CPU.ActiveCfg = Release|Any CPU
		{6032D48C-12F9-4653-A30F-D1D624891571}.Release|Any CPU.Build.0 = Release|Any CPU
		{804DC621-6216-4886-929F-333089ED95D8}.Debug|Any CPU.ActiveCfg = Debug|Any CPU
		{804DC621-6216-4886-929F-333089ED95D8}.Debug|Any CPU.Build.0 = Debug|Any CPU
		{804DC621-6216-4886-929F-333089ED95D8}.Release|Any CPU.ActiveCfg = Release|Any CPU
		{804DC621-6216-4886-929F-333089ED95D8}.Release|Any CPU.Build.0 = Release|Any CPU
	EndGlobalSection
	GlobalSection(SolutionProperties) = preSolution
		HideSolutionNode = FALSE
	EndGlobalSection
	GlobalSection(NestedProjects) = preSolution
		{EA6A39E8-9F24-40CE-AF2E-B3A1DD82BD92} = {E8A4692D-786A-46D7-BA91-A38BF1A69E5C}
		{B48A60ED-4649-4E4D-8CB7-FF5E7A54E5D6} = {EA2734B3-35B0-4882-A473-411ED333065A}
		{E49A44B4-5D64-49D5-BB7A-5AB864486477} = {EB6626C9-D275-48EF-A016-BE84FBE7B686}
		{5F0720DB-BD29-4DDF-9CAF-F4901563B447} = {E8A4692D-786A-46D7-BA91-A38BF1A69E5C}
		{6032D48C-12F9-4653-A30F-D1D624891571} = {EB6626C9-D275-48EF-A016-BE84FBE7B686}
		{804DC621-6216-4886-929F-333089ED95D8} = {E8A4692D-786A-46D7-BA91-A38BF1A69E5C}
	EndGlobalSection
	GlobalSection(ExtensibilityGlobals) = postSolution
		SolutionGuid = {22B5B670-4A3A-45C9-91BD-7BA8F4AC318F}
	EndGlobalSection
EndGlobal
