
Microsoft Visual Studio Solution File, Format Version 12.00
# Visual Studio Version 16
VisualStudioVersion = 16.0.30011.22
MinimumVisualStudioVersion = 10.0.40219.1
Project("{FAE04EC0-301F-11D3-BF4B-00C04F79EFBC}") = "TRMDataManager", "TRMDataManager\TRMDataManager.csproj", "{EA6A39E8-9F24-40CE-AF2E-B3A1DD82BD92}"
EndProject
Project("{00D1A9C2-B5F0-4AF3-8072-F6C62B433612}") = "TRMData", "TRMData\TRMData.sqlproj", "{B48A60ED-4649-4E4D-8CB7-FF5E7A54E5D6}"
EndProject
Project("{FAE04EC0-301F-11D3-BF4B-00C04F79EFBC}") = "TRMDesktopUI", "TRMDesktopUI\TRMDesktopUI.csproj", "{E49A44B4-5D64-49D5-BB7A-5AB864486477}"
EndProject
Project("{FAE04EC0-301F-11D3-BF4B-00C04F79EFBC}") = "TRMDataManager.Library", "TRMDataManager.Library\TRMDataManager.Library.csproj", "{5F0720DB-BD29-4DDF-9CAF-F4901563B447}"
EndProject
Project("{FAE04EC0-301F-11D3-BF4B-00C04F79EFBC}") = "TRMDesktopUI.Library", "TRMDesktopUI.Library\TRMDesktopUI.Library.csproj", "{6032D48C-12F9-4653-A30F-D1D624891571}"
EndProject
Global
	GlobalSection(SolutionConfigurationPlatforms) = preSolution
		Debug|Any CPU = Debug|Any CPU
		Release|Any CPU = Release|Any CPU
	EndGlobalSection
	GlobalSection(ProjectConfigurationPlatforms) = postSolution
		{EA6A39E8-9F24-40CE-AF2E-B3A1DD82BD92}.Debug|Any CPU.ActiveCfg = Debug|Any CPU
		{EA6A39E8-9F24-40CE-AF2E-B3A1DD82BD92}.Debug|Any CPU.Build.0 = Debug|Any CPU
		{EA6A39E8-9F24-40CE-AF2E-B3A1DD82BD92}.Release|Any CPU.ActiveCfg = Release|Any CPU
		{EA6A39E8-9F24-40CE-AF2E-B3A1DD82BD92}.Release|Any CPU.Build.0 = Release|Any CPU
		{B48A60ED-4649-4E4D-8CB7-FF5E7A54E5D6}.Debug|Any CPU.ActiveCfg = Debug|Any CPU
		{B48A60ED-4649-4E4D-8CB7-FF5E7A54E5D6}.Debug|Any CPU.Build.0 = Debug|Any CPU
		{B48A60ED-4649-4E4D-8CB7-FF5E7A54E5D6}.Debug|Any CPU.Deploy.0 = Debug|Any CPU
		{B48A60ED-4649-4E4D-8CB7-FF5E7A54E5D6}.Release|Any CPU.ActiveCfg = Release|Any CPU
		{B48A60ED-4649-4E4D-8CB7-FF5E7A54E5D6}.Release|Any CPU.Build.0 = Release|Any CPU
		{B48A60ED-4649-4E4D-8CB7-FF5E7A54E5D6}.Release|Any CPU.Deploy.0 = Release|Any CPU
		{E49A44B4-5D64-49D5-BB7A-5AB864486477}.Debug|Any CPU.ActiveCfg = Debug|Any CPU
		{E49A44B4-5D64-49D5-BB7A-5AB864486477}.Debug|Any CPU.Build.0 = Debug|Any CPU
		{E49A44B4-5D64-49D5-BB7A-5AB864486477}.Release|Any CPU.ActiveCfg = Release|Any CPU
		{E49A44B4-5D64-49D5-BB7A-5AB864486477}.Release|Any CPU.Build.0 = Release|Any CPU
		{5F0720DB-BD29-4DDF-9CAF-F4901563B447}.Debug|Any CPU.ActiveCfg = Debug|Any CPU
		{5F0720DB-BD29-4DDF-9CAF-F4901563B447}.Debug|Any CPU.Build.0 = Debug|Any CPU
		{5F0720DB-BD29-4DDF-9CAF-F4901563B447}.Release|Any CPU.ActiveCfg = Release|Any CPU
		{5F0720DB-BD29-4DDF-9CAF-F4901563B447}.Release|Any CPU.Build.0 = Release|Any CPU
		{6032D48C-12F9-4653-A30F-D1D624891571}.Debug|Any CPU.ActiveCfg = Debug|Any CPU
		{6032D48C-12F9-4653-A30F-D1D624891571}.Debug|Any CPU.Build.0 = Debug|Any CPU
		{6032D48C-12F9-4653-A30F-D1D624891571}.Release|Any CPU.ActiveCfg = Release|Any CPU
		{6032D48C-12F9-4653-A30F-D1D624891571}.Release|Any CPU.Build.0 = Release|Any CPU
	EndGlobalSection
	GlobalSection(SolutionProperties) = preSolution
		HideSolutionNode = FALSE
	EndGlobalSection
	GlobalSection(ExtensibilityGlobals) = postSolution
		SolutionGuid = {22B5B670-4A3A-45C9-91BD-7BA8F4AC318F}
	EndGlobalSection
EndGlobal
